
Microsoft Visual Studio Solution File, Format Version 12.00
# Visual Studio Version 16
VisualStudioVersion = 16.0.31702.278
MinimumVisualStudioVersion = 10.0.40219.1
Project("{8BC9CEB8-8B4A-11D0-8D11-00A0C91BC942}") = "reference", "reference.vcxproj", "{FD3536C6-CA21-457F-BEB6-8CAB8A436642}"
EndProject
Global
	GlobalSection(SolutionConfigurationPlatforms) = preSolution
		Debug|x64 = Debug|x64
		Debug|x86 = Debug|x86
		Release|x64 = Release|x64
		Release|x86 = Release|x86
	EndGlobalSection
	GlobalSection(ProjectConfigurationPlatforms) = postSolution
		{FD3536C6-CA21-457F-BEB6-8CAB8A436642}.Debug|x64.ActiveCfg = Debug|x64
		{FD3536C6-CA21-457F-BEB6-8CAB8A436642}.Debug|x64.Build.0 = Debug|x64
		{FD3536C6-CA21-457F-BEB6-8CAB8A436642}.Debug|x86.ActiveCfg = Debug|Win32
		{FD3536C6-CA21-457F-BEB6-8CAB8A436642}.Debug|x86.Build.0 = Debug|Win32
		{FD3536C6-CA21-457F-BEB6-8CAB8A436642}.Release|x64.ActiveCfg = Release|x64
		{FD3536C6-CA21-457F-BEB6-8CAB8A436642}.Release|x64.Build.0 = Release|x64
		{FD3536C6-CA21-457F-BEB6-8CAB8A436642}.Release|x86.ActiveCfg = Release|Win32
		{FD3536C6-CA21-457F-BEB6-8CAB8A436642}.Release|x86.Build.0 = Release|Win32
	EndGlobalSection
	GlobalSection(SolutionProperties) = preSolution
		HideSolutionNode = FALSE
	EndGlobalSection
	GlobalSection(ExtensibilityGlobals) = postSolution
		SolutionGuid = {A28C9BE9-7525-474D-AA82-E453E6136649}
	EndGlobalSection
EndGlobal
